<?xml version="1.0" encoding="utf-8"?>
<Project ToolsVersion="4.0" xmlns="http://schemas.microsoft.com/developer/msbuild/2003">
  <ItemGroup>
    <Filter Include="Source Files">
      <UniqueIdentifier>{4FC737F1-C7A5-4376-A066-2A32D752A2FF}</UniqueIdentifier>
      <Extensions>cpp;c;cc;cxx;def;odl;idl;hpj;bat;asm;asmx</Extensions>
    </Filter>
    <Filter Include="Header Files">
      <UniqueIdentifier>{93995380-89BD-4b04-88EB-625FBE52EBFB}</UniqueIdentifier>
      <Extensions>h;hpp;hxx;hm;inl;inc;xsd</Extensions>
    </Filter>
    <Filter Include="Resource Files">
      <UniqueIdentifier>{67DA6AB6-F800-4c08-8B7A-83BB121AAD01}</UniqueIdentifier>
      <Extensions>rc;ico;cur;bmp;dlg;rc2;rct;bin;rgs;gif;jpg;jpeg;jpe;resx;tiff;tif;png;wav;mfcribbon-ms</Extensions>
    </Filter>
    <Filter Include="Source Files\SFMLApp Implementation">
      <UniqueIdentifier>{b0572b7e-a093-4c92-989a-aefe599321d3}</UniqueIdentifier>
    </Filter>
    <Filter Include="Header Files\GameStates">
      <UniqueIdentifier>{ca435c2e-baad-4e8b-87eb-82f315d99473}</UniqueIdentifier>
    </Filter>
    <Filter Include="Source Files\GameStates">
      <UniqueIdentifier>{5f493fe9-ba76-499e-b6fa-852d207863e0}</UniqueIdentifier>
    </Filter>
  </ItemGroup>
  <ItemGroup>
    <None Include="ReadMe.txt" />
  </ItemGroup>
  <ItemGroup>
    <ClInclude Include="stdafx.h">
      <Filter>Header Files</Filter>
    </ClInclude>
    <ClInclude Include="targetver.h">
      <Filter>Header Files</Filter>
    </ClInclude>
    <ClInclude Include="SFMLApp.h">
      <Filter>Header Files</Filter>
    </ClInclude>
    <ClInclude Include="SFMLEvent.h">
      <Filter>Header Files</Filter>
    </ClInclude>
    <ClInclude Include="SFMLStateMessage.h">
      <Filter>Header Files</Filter>
    </ClInclude>
    <ClInclude Include="GameStateBase.h">
      <Filter>Header Files\GameStates</Filter>
    </ClInclude>
    <ClInclude Include="SFMLButton.h">
      <Filter>Header Files</Filter>
    </ClInclude>
    <ClInclude Include="ImageManager.h">
      <Filter>Header Files</Filter>
    </ClInclude>
    <ClInclude Include="SoundManager.h">
      <Filter>Header Files</Filter>
    </ClInclude>
    <ClInclude Include="SFMLGUIElement.h">
      <Filter>Header Files</Filter>
    </ClInclude>
    <ClInclude Include="Functor.h">
      <Filter>Header Files</Filter>
    </ClInclude>
    <ClInclude Include="AnimatedSprite.h">
      <Filter>Header Files</Filter>
    </ClInclude>
    <ClInclude Include="TextureManager.h">
      <Filter>Header Files</Filter>
    </ClInclude>
    <ClInclude Include="FontManager.h">
      <Filter>Header Files</Filter>
    </ClInclude>
  </ItemGroup>
  <ItemGroup>
    <ClCompile Include="stdafx.cpp">
      <Filter>Source Files</Filter>
    </ClCompile>
    <ClCompile Include="SFML_Template.cpp">
      <Filter>Source Files</Filter>
    </ClCompile>
    <ClCompile Include="SFMLApp.cpp">
      <Filter>Source Files</Filter>
    </ClCompile>
    <ClCompile Include="SFMLApp_OnCleanup.cpp">
      <Filter>Source Files\SFMLApp Implementation</Filter>
    </ClCompile>
    <ClCompile Include="SFMLApp_OnEvent.cpp">
      <Filter>Source Files\SFMLApp Implementation</Filter>
    </ClCompile>
    <ClCompile Include="SFMLApp_OnInit.cpp">
      <Filter>Source Files\SFMLApp Implementation</Filter>
    </ClCompile>
    <ClCompile Include="SFMLApp_OnRender.cpp">
      <Filter>Source Files\SFMLApp Implementation</Filter>
    </ClCompile>
    <ClCompile Include="SFMLEvent.cpp">
      <Filter>Source Files</Filter>
    </ClCompile>
    <ClCompile Include="SFMLApp_OnUpdate.cpp">
      <Filter>Source Files\SFMLApp Implementation</Filter>
    </ClCompile>
    <ClCompile Include="GameStateBase.cpp">
      <Filter>Source Files\GameStates</Filter>
    </ClCompile>
    <ClCompile Include="SFMLButton.cpp">
      <Filter>Source Files</Filter>
    </ClCompile>
    <ClCompile Include="ImageManager.cpp">
      <Filter>Source Files</Filter>
    </ClCompile>
    <ClCompile Include="SoundManager.cpp">
      <Filter>Source Files</Filter>
    </ClCompile>
    <ClCompile Include="SFMLGUIElement.cpp">
      <Filter>Source Files</Filter>
    </ClCompile>
    <ClCompile Include="AnimatedSprite.cpp">
      <Filter>Source Files</Filter>
    </ClCompile>
    <ClCompile Include="TextureManager.cpp">
      <Filter>Source Files</Filter>
    </ClCompile>
    <ClCompile Include="FontManager.cpp">
      <Filter>Source Files</Filter>
    </ClCompile>
  </ItemGroup>
</Project>